{
  "name": "andreux-design-site",
  "version": "1.0.0",
  "lockfileVersion": 3,
  "requires": true,
  "packages": {
    "": {
      "name": "andreux-design-site",
      "version": "1.0.0",
      "dependencies": {
        "@andreux/design-tokens": "github:andreux-design/design-tokens#v1.1.0"
      }
    },
    "node_modules/@andreux/design-tokens": {
      "version": "1.1.0",
      "resolved": "git+ssh://git@github.com/andreux-design/design-tokens.git#b7b3c39c65d3f412a9ba7d40c6c1114c124396dd",
      "license": "MIT"
    }
  }
}
